
Microsoft Visual Studio Solution File, Format Version 12.00
# Visual Studio Version 17
VisualStudioVersion = 17.1.32328.378
MinimumVisualStudioVersion = 10.0.40219.1
Project("{FAE04EC0-301F-11D3-BF4B-00C04F79EFBC}") = "PlutoRover.Api", "PlutoRover.Api\PlutoRover.Api.csproj", "{B08941C1-CDB0-4E6F-B01D-D6639096359B}"
EndProject
Global
	GlobalSection(SolutionConfigurationPlatforms) = preSolution
		Debug|Any CPU = Debug|Any CPU
		Release|Any CPU = Release|Any CPU
	EndGlobalSection
	GlobalSection(ProjectConfigurationPlatforms) = postSolution
		{B08941C1-CDB0-4E6F-B01D-D6639096359B}.Debug|Any CPU.ActiveCfg = Debug|Any CPU
		{B08941C1-CDB0-4E6F-B01D-D6639096359B}.Debug|Any CPU.Build.0 = Debug|Any CPU
		{B08941C1-CDB0-4E6F-B01D-D6639096359B}.Release|Any CPU.ActiveCfg = Release|Any CPU
		{B08941C1-CDB0-4E6F-B01D-D6639096359B}.Release|Any CPU.Build.0 = Release|Any CPU
	EndGlobalSection
	GlobalSection(SolutionProperties) = preSolution
		HideSolutionNode = FALSE
	EndGlobalSection
	GlobalSection(ExtensibilityGlobals) = postSolution
		SolutionGuid = {E92B1ED0-4B1E-4378-8645-48C597A18561}
	EndGlobalSection
EndGlobal
